<?xml version="1.0" encoding="utf-8"?>
<Project ToolsVersion="4.0" xmlns="http://schemas.microsoft.com/developer/msbuild/2003">
  <ItemGroup>
    <Filter Include="Assets">
      <UniqueIdentifier>558da2db-1cd8-4033-9858-2a5e9328268c</UniqueIdentifier>
      <Extensions>ico;cur;bmp;dds;dlg;fbx;rct;bin;rgs;gif;jpg;jpeg;jpe;resx;tga;tiff;tif;png;wav;mfcribbon-ms</Extensions>
    </Filter>
    <Filter Include="Header Files">
      <UniqueIdentifier>{975fd114-5312-46ba-b826-12162cf13fc4}</UniqueIdentifier>
    </Filter>
    <Filter Include="Header Files\Common">
      <UniqueIdentifier>{e1a73eda-fe39-4f95-b5e0-cda3d424beaf}</UniqueIdentifier>
    </Filter>
    <Filter Include="Models">
      <UniqueIdentifier>{c4ee37d1-4428-4698-a617-9750ddcf7e36}</UniqueIdentifier>
    </Filter>
    <Filter Include="Source Files">
      <UniqueIdentifier>{0c50b9c2-c5cc-4cf6-8690-74643e144c8f}</UniqueIdentifier>
    </Filter>
    <Filter Include="Source Files\Common">
      <UniqueIdentifier>be9b933c-5ba4-4b75-8a03-402244ddb78b</UniqueIdentifier>
    </Filter>
    <Filter Include="Source Files\Rendering">
      <UniqueIdentifier>{40238b9b-2d65-45a3-9dff-1217399e25f8}</UniqueIdentifier>
    </Filter>
    <Filter Include="Header Files\Rendering">
      <UniqueIdentifier>{57fd1471-a9f6-456d-ac0d-3861006eddc5}</UniqueIdentifier>
    </Filter>
    <Filter Include="Shaders">
      <UniqueIdentifier>{96a93dae-441e-421d-b448-39c81cea07f7}</UniqueIdentifier>
    </Filter>
    <Filter Include="Header Files\Bindable">
      <UniqueIdentifier>{341ef5a2-1613-436a-9a72-8e7aea88d81e}</UniqueIdentifier>
    </Filter>
    <Filter Include="Source Files\Bindable">
      <UniqueIdentifier>{16aa5ac5-061d-443b-a6ab-ffa184a7a954}</UniqueIdentifier>
    </Filter>
    <Filter Include="Header Files\Scene Graph">
      <UniqueIdentifier>{72cbeca1-f8f4-4a8b-87f1-89b97d635fa0}</UniqueIdentifier>
    </Filter>
    <Filter Include="Source Files\Scene Graph">
      <UniqueIdentifier>{826f3d58-78f6-42c4-8496-b698fb5cf96f}</UniqueIdentifier>
    </Filter>
    <Filter Include="Header Files\Post Processing">
      <UniqueIdentifier>{c7ea4122-c745-44f5-bbf1-e6453f1b7546}</UniqueIdentifier>
    </Filter>
    <Filter Include="Source Files\Proc Gen">
      <UniqueIdentifier>{b2b03675-60ed-4941-99c8-8dc536178275}</UniqueIdentifier>
    </Filter>
    <Filter Include="Source Files\Post Processing">
      <UniqueIdentifier>{90e49656-abb1-487a-808f-4d69272090c2}</UniqueIdentifier>
    </Filter>
    <Filter Include="Imgui">
      <UniqueIdentifier>{6bcfa8c7-9d2d-406b-bdb6-eadb8caacade}</UniqueIdentifier>
    </Filter>
    <Filter Include="Header Files\Proc Gen">
      <UniqueIdentifier>{13b4d1b7-3435-4295-8502-5ade7fcd9a89}</UniqueIdentifier>
    </Filter>
    <Filter Include="Source Files\Collision">
      <UniqueIdentifier>{40de129c-d954-42bf-9060-df8710d38a66}</UniqueIdentifier>
    </Filter>
    <Filter Include="Header Files\Collision">
      <UniqueIdentifier>{8ff1a38c-7968-43f6-825b-381656c72439}</UniqueIdentifier>
    </Filter>
    <Filter Include="Source Files\Proc Gen\Functions">
      <UniqueIdentifier>{f71eda64-91a9-42a5-940e-de43ec69a007}</UniqueIdentifier>
    </Filter>
    <Filter Include="Header Files\Proc Gen\Functions">
      <UniqueIdentifier>{128d36c2-cc2e-41ff-afc7-64e26bfd7f31}</UniqueIdentifier>
    </Filter>
    <Filter Include="Shaders\Marching Cubes">
      <UniqueIdentifier>{32fef193-b6eb-4c0d-b4c3-e30ef2d3bbac}</UniqueIdentifier>
    </Filter>
    <Filter Include="Header Files\Bindable\Shaders">
      <UniqueIdentifier>{cbc4b019-12e0-4aa6-a5ee-4ed91368d71a}</UniqueIdentifier>
    </Filter>
    <Filter Include="Header Files\Bindable\States">
      <UniqueIdentifier>{143e3b17-6ee0-4142-a33d-157de3132da4}</UniqueIdentifier>
    </Filter>
    <Filter Include="Header Files\Bindable\Constant Buffers">
      <UniqueIdentifier>{724104cc-68e3-4462-b502-3c9c5e74a70c}</UniqueIdentifier>
    </Filter>
    <Filter Include="Source Files\Bindable\Constant Buffers">
      <UniqueIdentifier>{7d8565a0-2b77-4522-90b1-9f8590126a78}</UniqueIdentifier>
    </Filter>
  </ItemGroup>
  <ItemGroup>
    <ClInclude Include="Game.h">
      <Filter>Header Files</Filter>
    </ClInclude>
    <ClInclude Include="Input.h">
      <Filter>Header Files</Filter>
    </ClInclude>
    <ClInclude Include="pch.h">
      <Filter>Header Files</Filter>
    </ClInclude>
    <ClInclude Include="ReadData.h">
      <Filter>Header Files</Filter>
    </ClInclude>
    <ClInclude Include="StepTimer.h">
      <Filter>Header Files\Common</Filter>
    </ClInclude>
    <ClInclude Include="DeviceResources.h">
      <Filter>Header Files\Common</Filter>
    </ClInclude>
    <ClInclude Include="Camera.h">
      <Filter>Header Files\Rendering</Filter>
    </ClInclude>
    <ClInclude Include="modelclass.h">
      <Filter>Header Files\Rendering</Filter>
    </ClInclude>
    <ClInclude Include="RenderTexture.h">
      <Filter>Header Files\Rendering</Filter>
    </ClInclude>
    <ClInclude Include="Shader.h">
      <Filter>Header Files\Rendering</Filter>
    </ClInclude>
    <ClInclude Include="Light.h">
      <Filter>Header Files\Rendering</Filter>
    </ClInclude>
    <ClInclude Include="IndexBuffer.h">
      <Filter>Header Files\Bindable</Filter>
    </ClInclude>
    <ClInclude Include="Bindable.h">
      <Filter>Header Files\Bindable</Filter>
    </ClInclude>
    <ClInclude Include="VertexBuffer.h">
      <Filter>Header Files\Bindable</Filter>
    </ClInclude>
    <ClInclude Include="InputLayout.h">
      <Filter>Header Files\Bindable</Filter>
    </ClInclude>
    <ClInclude Include="Mesh.h">
      <Filter>Header Files\Rendering</Filter>
    </ClInclude>
    <ClInclude Include="ModelLoader.h">
      <Filter>Header Files\Rendering</Filter>
    </ClInclude>
    <ClInclude Include="Topology.h">
      <Filter>Header Files\Bindable</Filter>
    </ClInclude>
    <ClInclude Include="SceneNode.h">
      <Filter>Header Files\Scene Graph</Filter>
    </ClInclude>
    <ClInclude Include="GameObject.h">
      <Filter>Header Files\Scene Graph</Filter>
    </ClInclude>
    <ClInclude Include="MainScene.h">
      <Filter>Header Files\Scene Graph</Filter>
    </ClInclude>
    <ClInclude Include="Texture.h">
      <Filter>Header Files\Bindable</Filter>
    </ClInclude>
    <ClInclude Include="CubeTexture.h">
      <Filter>Header Files\Bindable</Filter>
    </ClInclude>
    <ClInclude Include="Sampler.h">
      <Filter>Header Files\Bindable</Filter>
    </ClInclude>
    <ClInclude Include="RenderTarget.h">
      <Filter>Header Files\Bindable</Filter>
    </ClInclude>
    <ClInclude Include="LensFlareEffect.h">
      <Filter>Header Files\Post Processing</Filter>
    </ClInclude>
    <ClInclude Include="BloomPostProcessEffect.h">
      <Filter>Header Files\Post Processing</Filter>
    </ClInclude>
    <ClInclude Include="SkyBox.h">
      <Filter>Header Files\Rendering</Filter>
    </ClInclude>
    <ClInclude Include="Terrain.h">
      <Filter>Header Files\Rendering</Filter>
    </ClInclude>
    <ClInclude Include="BufferTypes.h">
      <Filter>Header Files\Common</Filter>
    </ClInclude>
    <ClInclude Include="imconfig.h">
      <Filter>Imgui</Filter>
    </ClInclude>
    <ClInclude Include="imgui.h">
      <Filter>Imgui</Filter>
    </ClInclude>
    <ClInclude Include="imgui_impl_dx11.h">
      <Filter>Imgui</Filter>
    </ClInclude>
    <ClInclude Include="imgui_impl_win32.h">
      <Filter>Imgui</Filter>
    </ClInclude>
    <ClInclude Include="imgui_internal.h">
      <Filter>Imgui</Filter>
    </ClInclude>
    <ClInclude Include="imstb_rectpack.h">
      <Filter>Imgui</Filter>
    </ClInclude>
    <ClInclude Include="imstb_textedit.h">
      <Filter>Imgui</Filter>
    </ClInclude>
    <ClInclude Include="imstb_truetype.h">
      <Filter>Imgui</Filter>
    </ClInclude>
    <ClInclude Include="TerrainVertexBuffer.h">
      <Filter>Header Files\Bindable</Filter>
    </ClInclude>
    <ClInclude Include="SimplexNoise.h">
      <Filter>Header Files\Proc Gen</Filter>
    </ClInclude>
    <ClInclude Include="fBm.h">
      <Filter>Header Files\Proc Gen</Filter>
    </ClInclude>
    <ClInclude Include="TerrainNode.h">
      <Filter>Header Files\Scene Graph</Filter>
    </ClInclude>
    <ClInclude Include="PlayerCamera.h">
      <Filter>Header Files\Rendering</Filter>
    </ClInclude>
    <ClInclude Include="BoxCollider.h">
      <Filter>Header Files\Collision</Filter>
    </ClInclude>
    <ClInclude Include="CollisionDetection.h">
      <Filter>Header Files\Collision</Filter>
    </ClInclude>
    <ClInclude Include="PlayerNode.h">
      <Filter>Header Files\Scene Graph</Filter>
    </ClInclude>
    <ClInclude Include="Types.h">
      <Filter>Header Files</Filter>
    </ClInclude>
    <ClInclude Include="ViewingFrustum.h">
      <Filter>Header Files\Rendering</Filter>
    </ClInclude>
    <ClInclude Include="Collision.h">
      <Filter>Header Files\Collision</Filter>
    </ClInclude>
    <ClInclude Include="QuadTree.h">
      <Filter>Header Files\Rendering</Filter>
    </ClInclude>
    <ClInclude Include="MarchingCubesHeader.h">
      <Filter>Header Files\Proc Gen</Filter>
    </ClInclude>
    <ClInclude Include="MarchingCubes.h">
      <Filter>Header Files\Proc Gen</Filter>
    </ClInclude>
    <ClInclude Include="SimplexFunction.h">
      <Filter>Header Files\Proc Gen\Functions</Filter>
    </ClInclude>
    <ClInclude Include="BrownianFunction.h">
      <Filter>Header Files\Proc Gen\Functions</Filter>
    </ClInclude>
    <ClInclude Include="MarchingCubesMesh.h">
      <Filter>Header Files\Proc Gen</Filter>
    </ClInclude>
    <ClInclude Include="DensityFunction.h">
      <Filter>Header Files\Proc Gen\Functions</Filter>
    </ClInclude>
    <ClInclude Include="TerrainDensityFunction.h">
      <Filter>Header Files\Proc Gen\Functions</Filter>
    </ClInclude>
    <ClInclude Include="MarchingCubesGeometryShader.h" />
    <ClInclude Include="density.hlsli">
      <Filter>Shaders\Marching Cubes</Filter>
    </ClInclude>
    <ClInclude Include="BloomConstantBuffer.h">
      <Filter>Header Files\Bindable\Constant Buffers</Filter>
    </ClInclude>
    <ClInclude Include="ConstantBuffer.h">
      <Filter>Header Files\Bindable\Constant Buffers</Filter>
    </ClInclude>
    <ClInclude Include="LightConstantBuffer.h">
      <Filter>Header Files\Bindable\Constant Buffers</Filter>
    </ClInclude>
    <ClInclude Include="LensFlareConstantBuffer.h">
      <Filter>Header Files\Bindable\Constant Buffers</Filter>
    </ClInclude>
    <ClInclude Include="SkyboxConstantBuffer.h">
      <Filter>Header Files\Bindable\Constant Buffers</Filter>
    </ClInclude>
    <ClInclude Include="VertexConstantBuffer.h">
      <Filter>Header Files\Bindable\Constant Buffers</Filter>
    </ClInclude>
    <ClInclude Include="PixelConstantBuffer.h">
      <Filter>Header Files\Bindable\Constant Buffers</Filter>
    </ClInclude>
    <ClInclude Include="GaussianBlurConstantBuffer.h">
      <Filter>Header Files\Bindable\Constant Buffers</Filter>
    </ClInclude>
    <ClInclude Include="GeometryShader.h">
      <Filter>Header Files\Bindable\Shaders</Filter>
    </ClInclude>
    <ClInclude Include="VertexShader.h">
      <Filter>Header Files\Bindable\Shaders</Filter>
    </ClInclude>
    <ClInclude Include="PixelShader.h">
      <Filter>Header Files\Bindable\Shaders</Filter>
    </ClInclude>
    <ClInclude Include="DepthStencilState.h">
      <Filter>Header Files\Bindable\States</Filter>
    </ClInclude>
    <ClInclude Include="DepthStencil.h">
      <Filter>Header Files\Bindable\States</Filter>
    </ClInclude>
    <ClInclude Include="RasterizerState.h">
      <Filter>Header Files\Bindable\States</Filter>
    </ClInclude>
    <ClInclude Include="CameraConstantBuffer.h" />
    <ClInclude Include="GeometryConstantBuffer.h" />
    <ClInclude Include="TransformConstantBufferVS.h">
      <Filter>Header Files\Bindable\Constant Buffers</Filter>
    </ClInclude>
    <ClInclude Include="TransformConstantBufferGS.h" />
    <ClInclude Include="MarchingCubesConstantBufferVS.h" />
    <ClInclude Include="MarchingCubesConstantBufferGS.h" />
    <ClInclude Include="Simplex2.h" />
    <ClInclude Include="OnScreenQuad.h" />
    <ClInclude Include="OnScreenQuadConstantBufferVS.h" />
  </ItemGroup>
  <ItemGroup>
    <ClCompile Include="DeviceResources.cpp">
      <Filter>Source Files\Common</Filter>
    </ClCompile>
    <ClCompile Include="Camera.cpp">
      <Filter>Source Files\Rendering</Filter>
    </ClCompile>
    <ClCompile Include="Shader.cpp">
      <Filter>Source Files\Rendering</Filter>
    </ClCompile>
    <ClCompile Include="modelclass.cpp">
      <Filter>Source Files\Rendering</Filter>
    </ClCompile>
    <ClCompile Include="Light.cpp">
      <Filter>Source Files\Rendering</Filter>
    </ClCompile>
    <ClCompile Include="RenderTexture.cpp">
      <Filter>Source Files\Rendering</Filter>
    </ClCompile>
    <ClCompile Include="Game.cpp">
      <Filter>Source Files</Filter>
    </ClCompile>
    <ClCompile Include="Input.cpp">
      <Filter>Source Files</Filter>
    </ClCompile>
    <ClCompile Include="Main.cpp">
      <Filter>Source Files</Filter>
    </ClCompile>
    <ClCompile Include="pch.cpp">
      <Filter>Source Files</Filter>
    </ClCompile>
    <ClCompile Include="Bindable.cpp">
      <Filter>Source Files\Bindable</Filter>
    </ClCompile>
    <ClCompile Include="IndexBuffer.cpp">
      <Filter>Source Files\Bindable</Filter>
    </ClCompile>
    <ClCompile Include="VertexBuffer.cpp">
      <Filter>Source Files\Bindable</Filter>
    </ClCompile>
    <ClCompile Include="InputLayout.cpp">
      <Filter>Source Files\Bindable</Filter>
    </ClCompile>
    <ClCompile Include="Mesh.cpp">
      <Filter>Source Files\Rendering</Filter>
    </ClCompile>
    <ClCompile Include="Topology.cpp">
      <Filter>Source Files\Bindable</Filter>
    </ClCompile>
    <ClCompile Include="GameObject.cpp">
      <Filter>Source Files\Scene Graph</Filter>
    </ClCompile>
    <ClCompile Include="MainScene.cpp">
      <Filter>Source Files\Scene Graph</Filter>
    </ClCompile>
    <ClCompile Include="ModelLoader.cpp">
      <Filter>Source Files\Rendering</Filter>
    </ClCompile>
    <ClCompile Include="SceneNode.cpp">
      <Filter>Source Files\Scene Graph</Filter>
    </ClCompile>
    <ClCompile Include="VertexShader.cpp">
      <Filter>Source Files\Bindable</Filter>
    </ClCompile>
    <ClCompile Include="PixelShader.cpp">
      <Filter>Source Files\Bindable</Filter>
    </ClCompile>
    <ClCompile Include="Texture.cpp">
      <Filter>Source Files\Bindable</Filter>
    </ClCompile>
    <ClCompile Include="CubeTexture.cpp">
      <Filter>Source Files\Bindable</Filter>
    </ClCompile>
    <ClCompile Include="RasterizerState.cpp">
      <Filter>Source Files\Bindable</Filter>
    </ClCompile>
    <ClCompile Include="DepthStencil.cpp">
      <Filter>Source Files\Bindable</Filter>
    </ClCompile>
    <ClCompile Include="DepthStencilState.cpp">
      <Filter>Source Files\Bindable</Filter>
    </ClCompile>
    <ClCompile Include="Sampler.cpp">
      <Filter>Source Files\Bindable</Filter>
    </ClCompile>
    <ClCompile Include="RenderTarget.cpp">
      <Filter>Source Files\Bindable</Filter>
    </ClCompile>
    <ClCompile Include="LensFlareEffect.cpp">
      <Filter>Source Files\Post Processing</Filter>
    </ClCompile>
    <ClCompile Include="BloomPostProcessEffect.cpp">
      <Filter>Source Files\Post Processing</Filter>
    </ClCompile>
    <ClCompile Include="SkyBox.cpp">
      <Filter>Source Files\Rendering</Filter>
    </ClCompile>
    <ClCompile Include="Terrain.cpp">
      <Filter>Source Files\Rendering</Filter>
    </ClCompile>
    <ClCompile Include="imgui.cpp">
      <Filter>Imgui</Filter>
    </ClCompile>
    <ClCompile Include="imgui_demo.cpp">
      <Filter>Imgui</Filter>
    </ClCompile>
    <ClCompile Include="imgui_draw.cpp">
      <Filter>Imgui</Filter>
    </ClCompile>
    <ClCompile Include="imgui_impl_dx11.cpp">
      <Filter>Imgui</Filter>
    </ClCompile>
    <ClCompile Include="imgui_impl_win32.cpp">
      <Filter>Imgui</Filter>
    </ClCompile>
    <ClCompile Include="imgui_widgets.cpp">
      <Filter>Imgui</Filter>
    </ClCompile>
    <ClCompile Include="TerrainVertexBuffer.cpp">
      <Filter>Source Files\Bindable</Filter>
    </ClCompile>
    <ClCompile Include="SimplexNoise.cpp">
      <Filter>Source Files\Proc Gen</Filter>
    </ClCompile>
    <ClCompile Include="fBm.cpp">
      <Filter>Source Files\Proc Gen</Filter>
    </ClCompile>
    <ClCompile Include="TerrainNode.cpp">
      <Filter>Source Files\Scene Graph</Filter>
    </ClCompile>
    <ClCompile Include="PlayerCamera.cpp">
      <Filter>Source Files\Rendering</Filter>
    </ClCompile>
    <ClCompile Include="CollisionDetection.cpp">
      <Filter>Source Files\Collision</Filter>
    </ClCompile>
    <ClCompile Include="BoxCollider.cpp">
      <Filter>Source Files\Collision</Filter>
    </ClCompile>
    <ClCompile Include="PlayerNode.cpp">
      <Filter>Source Files\Scene Graph</Filter>
    </ClCompile>
    <ClCompile Include="ViewingFrustum.cpp">
      <Filter>Source Files\Rendering</Filter>
    </ClCompile>
    <ClCompile Include="Collision.cpp">
      <Filter>Source Files\Collision</Filter>
    </ClCompile>
    <ClCompile Include="QuadTree.cpp">
      <Filter>Source Files\Rendering</Filter>
    </ClCompile>
    <ClCompile Include="MarchingCubes.cpp">
      <Filter>Source Files\Proc Gen</Filter>
    </ClCompile>
    <ClCompile Include="SimplexFunction.cpp">
      <Filter>Source Files\Proc Gen\Functions</Filter>
    </ClCompile>
    <ClCompile Include="BrownianFunction.cpp">
      <Filter>Source Files\Proc Gen\Functions</Filter>
    </ClCompile>
    <ClCompile Include="MarchingCubesMesh.cpp">
      <Filter>Source Files\Proc Gen</Filter>
    </ClCompile>
    <ClCompile Include="GeometryShader.cpp">
      <Filter>Source Files\Bindable</Filter>
    </ClCompile>
    <ClCompile Include="TerrainDensityFunction.cpp">
      <Filter>Source Files\Proc Gen\Functions</Filter>
    </ClCompile>
    <ClCompile Include="MarchingCubesGeometryShader.cpp" />
    <ClCompile Include="CameraConstantBuffer.cpp" />
    <ClCompile Include="BloomConstantBuffer.cpp">
      <Filter>Source Files\Bindable\Constant Buffers</Filter>
    </ClCompile>
    <ClCompile Include="GaussianBlurConstantBuffer.cpp">
      <Filter>Source Files\Bindable\Constant Buffers</Filter>
    </ClCompile>
    <ClCompile Include="LensFlareConstantBuffer.cpp">
      <Filter>Source Files\Bindable\Constant Buffers</Filter>
    </ClCompile>
    <ClCompile Include="LightConstantBuffer.cpp">
      <Filter>Source Files\Bindable\Constant Buffers</Filter>
    </ClCompile>
    <ClCompile Include="SkyboxConstantBuffer.cpp">
      <Filter>Source Files\Bindable\Constant Buffers</Filter>
    </ClCompile>
    <ClCompile Include="TransformConstantBufferVS.cpp">
      <Filter>Source Files\Bindable\Constant Buffers</Filter>
    </ClCompile>
    <ClCompile Include="TransformConstantBufferGS.cpp" />
    <ClCompile Include="MarchingCubesConstantBufferVS.cpp" />
    <ClCompile Include="MarchingCubesConstantBufferGS.cpp" />
    <ClCompile Include="Simplex2.cpp" />
    <ClCompile Include="OnScreenQuad.cpp" />
    <ClCompile Include="OnScreenQuadConstantBufferVS.cpp" />
  </ItemGroup>
  <ItemGroup>
    <ResourceCompile Include="resource.rc" />
  </ItemGroup>
  <ItemGroup>
    <Manifest Include="settings.manifest">
      <Filter>Assets</Filter>
    </Manifest>
  </ItemGroup>
  <ItemGroup>
    <None Include="SegoeUI_18.spritefont">
      <Filter>Assets</Filter>
    </None>
    <None Include="packages.config" />
    <None Include="rocket.cmo">
      <Filter>Models</Filter>
    </None>
    <None Include="Bloom.hlsli">
      <Filter>Shaders</Filter>
    </None>
    <None Include="imgui.ini">
      <Filter>Imgui</Filter>
    </None>
    <None Include="marching_cubes_header.hlsli">
      <Filter>Shaders\Marching Cubes</Filter>
    </None>
    <None Include="simplex_noise.hlsli">
      <Filter>Shaders\Marching Cubes</Filter>
    </None>
    <None Include="simplex_header.hlsli">
      <Filter>Shaders\Marching Cubes</Filter>
    </None>
    <None Include="noise.hlsli">
      <Filter>Shaders\Marching Cubes</Filter>
    </None>
    <None Include="simplex_3d.hlsli">
      <Filter>Shaders\Marching Cubes</Filter>
    </None>
  </ItemGroup>
  <ItemGroup>
    <Image Include="directx.ico">
      <Filter>Assets</Filter>
    </Image>
  </ItemGroup>
  <ItemGroup>
    <FxCompile Include="light_ps.hlsl">
      <Filter>Shaders</Filter>
    </FxCompile>
    <FxCompile Include="light_vs.hlsl">
      <Filter>Shaders</Filter>
    </FxCompile>
    <FxCompile Include="skybox_ps.hlsl">
      <Filter>Shaders</Filter>
    </FxCompile>
    <FxCompile Include="skybox_vs.hlsl">
      <Filter>Shaders</Filter>
    </FxCompile>
    <FxCompile Include="bloom_vs.hlsl">
      <Filter>Shaders</Filter>
    </FxCompile>
    <FxCompile Include="GaussianBlur.hlsl">
      <Filter>Shaders</Filter>
    </FxCompile>
    <FxCompile Include="BloomExtract.hlsl">
      <Filter>Shaders</Filter>
    </FxCompile>
    <FxCompile Include="BloomCombine.hlsl">
      <Filter>Shaders</Filter>
    </FxCompile>
    <FxCompile Include="texture_ps.hlsl">
      <Filter>Shaders</Filter>
    </FxCompile>
    <FxCompile Include="texture_vs.hlsl">
      <Filter>Shaders</Filter>
    </FxCompile>
    <FxCompile Include="flare_ps.hlsl">
      <Filter>Shaders</Filter>
    </FxCompile>
    <FxCompile Include="terrain_vs.hlsl">
      <Filter>Shaders</Filter>
    </FxCompile>
    <FxCompile Include="terrain_ps.hlsl">
      <Filter>Shaders</Filter>
    </FxCompile>
    <FxCompile Include="basic_vs.hlsl">
      <Filter>Shaders</Filter>
    </FxCompile>
    <FxCompile Include="test_gs.hlsl">
      <Filter>Shaders</Filter>
    </FxCompile>
    <FxCompile Include="mc_build_densities_gs.hlsl">
      <Filter>Shaders\Marching Cubes</Filter>
    </FxCompile>
    <FxCompile Include="mc_build_densities_ps.hlsl">
      <Filter>Shaders\Marching Cubes</Filter>
    </FxCompile>
    <FxCompile Include="mc_build_densities_vs.hlsl">
      <Filter>Shaders\Marching Cubes</Filter>
    </FxCompile>
    <FxCompile Include="mc_generate_vertices_gs.hlsl">
      <Filter>Shaders\Marching Cubes</Filter>
    </FxCompile>
    <FxCompile Include="mc_generate_vertices_ps.hlsl">
      <Filter>Shaders\Marching Cubes</Filter>
    </FxCompile>
    <FxCompile Include="mc_generate_vertices_vs.hlsl">
      <Filter>Shaders\Marching Cubes</Filter>
    </FxCompile>
    <FxCompile Include="billboard_gs.hlsl">
      <Filter>Shaders\Marching Cubes</Filter>
    </FxCompile>
    <FxCompile Include="billboard_vs.hlsl">
      <Filter>Shaders\Marching Cubes</Filter>
    </FxCompile>
    <FxCompile Include="billboard_ps.hlsl">
      <Filter>Shaders\Marching Cubes</Filter>
    </FxCompile>
    <FxCompile Include="quad_ps.hlsl">
      <Filter>Shaders</Filter>
    </FxCompile>
    <FxCompile Include="basic_ps.hlsl">
      <Filter>Shaders</Filter>
    </FxCompile>
    <FxCompile Include="quad_vs.hlsl">
      <Filter>Shaders</Filter>
    </FxCompile>
    <FxCompile Include="map_vs.hlsl">
      <Filter>Shaders</Filter>
    </FxCompile>
    <FxCompile Include="map_ps.hlsl">
      <Filter>Shaders</Filter>
    </FxCompile>
  </ItemGroup>
</Project>